
Microsoft Visual Studio Solution File, Format Version 12.00
# Visual Studio Version 17
VisualStudioVersion = 17.3.32922.545
MinimumVisualStudioVersion = 10.0.40219.1
Project("{FAE04EC0-301F-11D3-BF4B-00C04F79EFBC}") = "ChessMi", "ChessMi\ChessMi.csproj", "{714F8A24-DC15-4929-850D-D9CF88F6863F}"
	ProjectSection(ProjectDependencies) = postProject
		{E1C14D51-A9BE-4070-953B-2F58F1B0F2CC} = {E1C14D51-A9BE-4070-953B-2F58F1B0F2CC}
	EndProjectSection
EndProject
Project("{FAE04EC0-301F-11D3-BF4B-00C04F79EFBC}") = "ChessMi.Core", "ChessMi.Core\ChessMi.Core.csproj", "{E1C14D51-A9BE-4070-953B-2F58F1B0F2CC}"
EndProject
Global
	GlobalSection(SolutionConfigurationPlatforms) = preSolution
		Debug|Any CPU = Debug|Any CPU
		Release|Any CPU = Release|Any CPU
	EndGlobalSection
	GlobalSection(ProjectConfigurationPlatforms) = postSolution
		{714F8A24-DC15-4929-850D-D9CF88F6863F}.Debug|Any CPU.ActiveCfg = Debug|Any CPU
		{714F8A24-DC15-4929-850D-D9CF88F6863F}.Debug|Any CPU.Build.0 = Debug|Any CPU
		{714F8A24-DC15-4929-850D-D9CF88F6863F}.Release|Any CPU.ActiveCfg = Release|Any CPU
		{714F8A24-DC15-4929-850D-D9CF88F6863F}.Release|Any CPU.Build.0 = Release|Any CPU
		{E1C14D51-A9BE-4070-953B-2F58F1B0F2CC}.Debug|Any CPU.ActiveCfg = Debug|Any CPU
		{E1C14D51-A9BE-4070-953B-2F58F1B0F2CC}.Debug|Any CPU.Build.0 = Debug|Any CPU
		{E1C14D51-A9BE-4070-953B-2F58F1B0F2CC}.Release|Any CPU.ActiveCfg = Release|Any CPU
		{E1C14D51-A9BE-4070-953B-2F58F1B0F2CC}.Release|Any CPU.Build.0 = Release|Any CPU
	EndGlobalSection
	GlobalSection(SolutionProperties) = preSolution
		HideSolutionNode = FALSE
	EndGlobalSection
	GlobalSection(ExtensibilityGlobals) = postSolution
		SolutionGuid = {85022F1B-C39E-4210-B92C-CF1D30E5B8B6}
	EndGlobalSection
EndGlobal
